# This file was autogenerated by Stack.
# You should not edit this file by hand.
# For more information, please see the documentation at:
#   https://docs.haskellstack.org/en/stable/lock_files

packages:
- completed:
    hackage: explainable-predicates-0.1.2.0@sha256:f50494313c1a303271fff01c3e858b7ac364521abb879898b36a10e3b7b678ab,3749
    pantry-tree:
      size: 818
      sha256: b7423cfba1171b8c2a500e337b66eb40bbb5d4a6a99e6ce6463d637fe118ebe0
  original:
    hackage: explainable-predicates-0.1.2.0@sha256:f50494313c1a303271fff01c3e858b7ac364521abb879898b36a10e3b7b678ab,3749
- completed:
    size: 56255
    subdir: effectful-core
    url: https://github.com/arybczak/effectful/archive/da73cb6e548f682750aba62ec830792f1b9d8235.tar.gz
    name: effectful-core
    version: '0.1'
    sha256: 28209ba0711ada7aa7e419994ec942f86af6fad4817ae9d5c8bdf9d22b5c5d6a
    pantry-tree:
      size: 1641
      sha256: 40735787f16a6713d85fae3db51ca0dc3a45c6c248bdd7be0d1cbd393052bb67
  original:
    subdir: effectful-core
    url: https://github.com/arybczak/effectful/archive/da73cb6e548f682750aba62ec830792f1b9d8235.tar.gz
- completed:
    size: 56255
    subdir: effectful
    url: https://github.com/arybczak/effectful/archive/da73cb6e548f682750aba62ec830792f1b9d8235.tar.gz
    name: effectful
    version: '0.1'
    sha256: 28209ba0711ada7aa7e419994ec942f86af6fad4817ae9d5c8bdf9d22b5c5d6a
    pantry-tree:
      size: 2232
      sha256: a13fbde119275269836a6de98a6610cb9fcf1ddbe5056da0c70d44e3936c7f30
  original:
    subdir: effectful
    url: https://github.com/arybczak/effectful/archive/da73cb6e548f682750aba62ec830792f1b9d8235.tar.gz
snapshots:
- completed:
    size: 586120
    url: https://raw.githubusercontent.com/commercialhaskell/stackage-snapshots/master/lts/18/22.yaml
    sha256: f9970d6f25c63e3e4265aa8e9c69a047ba8919d1107e4996bdd7555b75aad0eb
  original:
    url: https://raw.githubusercontent.com/commercialhaskell/stackage-snapshots/master/lts/18/22.yaml
